
Microsoft Visual Studio Solution File, Format Version 12.00
# Visual Studio 2012
Project("{FAE04EC0-301F-11D3-BF4B-00C04F79EFBC}") = "CRUDAngularJs", "CRUDAngularJs\CRUDAngularJs.csproj", "{52D89B7C-1EA2-4BD3-8BD1-2F73CE730230}"
EndProject
Global
	GlobalSection(SolutionConfigurationPlatforms) = preSolution
		Debug|Any CPU = Debug|Any CPU
		Release|Any CPU = Release|Any CPU
	EndGlobalSection
	GlobalSection(ProjectConfigurationPlatforms) = postSolution
		{52D89B7C-1EA2-4BD3-8BD1-2F73CE730230}.Debug|Any CPU.ActiveCfg = Debug|Any CPU
		{52D89B7C-1EA2-4BD3-8BD1-2F73CE730230}.Debug|Any CPU.Build.0 = Debug|Any CPU
		{52D89B7C-1EA2-4BD3-8BD1-2F73CE730230}.Release|Any CPU.ActiveCfg = Release|Any CPU
		{52D89B7C-1EA2-4BD3-8BD1-2F73CE730230}.Release|Any CPU.Build.0 = Release|Any CPU
	EndGlobalSection
	GlobalSection(SolutionProperties) = preSolution
		HideSolutionNode = FALSE
	EndGlobalSection
EndGlobal
